# THIS IS AN AUTOGENERATED FILE. DO NOT EDIT THIS FILE DIRECTLY.
# yarn lockfile v1


ansi-font@0.0.2:
  version "0.0.2"
  resolved "https://registry.yarnpkg.com/ansi-font/-/ansi-font-0.0.2.tgz#890301bd5841462fd39c0b7709afd1f525143331"

async@~0.2.6:
  version "0.2.10"
  resolved "https://registry.yarnpkg.com/async/-/async-0.2.10.tgz#b6bbe0b0674b9d719708ca38de8c237cb526c3d1"

cla@^0.0.3:
  version "0.0.3"
  resolved "https://registry.yarnpkg.com/cla/-/cla-0.0.3.tgz#cfd4837f38e51ad8dc3ca862054f38bae240f6f7"

flow@^0.2.3:
  version "0.2.3"
  resolved "https://registry.yarnpkg.com/flow/-/flow-0.2.3.tgz#f8da65efa249127ec99376a28896572a9795d1af"

license@^0.0.3:
  version "0.0.3"
  resolved "https://registry.yarnpkg.com/license/-/license-0.0.3.tgz#c2b32233cdade287d5924942c7fe5cabd7913df0"
  dependencies:
    async "~0.2.6"
    optimist "~0.3.5"
    underscore "~1.4.4"

linc@^0.1.0:
  version "0.1.0"
  resolved "https://registry.yarnpkg.com/linc/-/linc-0.1.0.tgz#936ded64cfab91aa9114a2c996cc65d452432c87"

lint@^1.1.2:
  version "1.1.2"
  resolved "https://registry.yarnpkg.com/lint/-/lint-1.1.2.tgz#35ed064f322547c331358d899868664968ba371f"

optimist@~0.3.5:
  version "0.3.7"
  resolved "https://registry.yarnpkg.com/optimist/-/optimist-0.3.7.tgz#c90941ad59e4273328923074d2cf2e7cbc6ec0d9"
  dependencies:
    wordwrap "~0.0.2"

package@^1.0.1:
  version "1.0.1"
  resolved "https://registry.yarnpkg.com/package/-/package-1.0.1.tgz#d25a1f99e2506dcb27d6704b83dca8a312e4edcc"

prettier@^1.14.2:
  version "1.14.2"
  resolved "https://registry.yarnpkg.com/prettier/-/prettier-1.14.2.tgz#0ac1c6e1a90baa22a62925f41963c841983282f9"

test@^0.6.0:
  version "0.6.0"
  resolved "https://registry.yarnpkg.com/test/-/test-0.6.0.tgz#5986ac445ec17754322512d104ba32c8a63e938e"
  dependencies:
    ansi-font "0.0.2"

typescript@^3.0.3:
  version "3.0.3"
  resolved "https://registry.yarnpkg.com/typescript/-/typescript-3.0.3.tgz#4853b3e275ecdaa27f78fda46dc273a7eb7fc1c8"

underscore@~1.4.4:
  version "1.4.4"
  resolved "https://registry.yarnpkg.com/underscore/-/underscore-1.4.4.tgz#61a6a32010622afa07963bf325203cf12239d604"

wordwrap@~0.0.2:
  version "0.0.3"
  resolved "https://registry.yarnpkg.com/wordwrap/-/wordwrap-0.0.3.tgz#a3d5da6cd5c0bc0008d37234bbaf1bed63059107"
